
Microsoft Visual Studio Solution File, Format Version 12.00
# Visual Studio Version 16
VisualStudioVersion = 16.0.29215.179
MinimumVisualStudioVersion = 10.0.40219.1
Project("{9A19103F-16F7-4668-BE54-9A1E7A4F7556}") = "CswApiClient", "CswApiClient\CswApiClient.csproj", "{FEBB51DC-C746-4884-982A-BC76A860A095}"
EndProject
Project("{9A19103F-16F7-4668-BE54-9A1E7A4F7556}") = "CswApiClient.Tests", "CswApiClient.Tests\CswApiClient.Tests.csproj", "{4C5E8158-4503-414D-8507-56AC07BD0B06}"
	ProjectSection(ProjectDependencies) = postProject
		{FEBB51DC-C746-4884-982A-BC76A860A095} = {FEBB51DC-C746-4884-982A-BC76A860A095}
	EndProjectSection
EndProject
Global
	GlobalSection(SolutionConfigurationPlatforms) = preSolution
		Debug|Any CPU = Debug|Any CPU
		Release|Any CPU = Release|Any CPU
	EndGlobalSection
	GlobalSection(ProjectConfigurationPlatforms) = postSolution
		{FEBB51DC-C746-4884-982A-BC76A860A095}.Debug|Any CPU.ActiveCfg = Debug|Any CPU
		{FEBB51DC-C746-4884-982A-BC76A860A095}.Debug|Any CPU.Build.0 = Debug|Any CPU
		{FEBB51DC-C746-4884-982A-BC76A860A095}.Release|Any CPU.ActiveCfg = Release|Any CPU
		{FEBB51DC-C746-4884-982A-BC76A860A095}.Release|Any CPU.Build.0 = Release|Any CPU
		{4C5E8158-4503-414D-8507-56AC07BD0B06}.Debug|Any CPU.ActiveCfg = Debug|Any CPU
		{4C5E8158-4503-414D-8507-56AC07BD0B06}.Debug|Any CPU.Build.0 = Debug|Any CPU
		{4C5E8158-4503-414D-8507-56AC07BD0B06}.Release|Any CPU.ActiveCfg = Release|Any CPU
		{4C5E8158-4503-414D-8507-56AC07BD0B06}.Release|Any CPU.Build.0 = Release|Any CPU
	EndGlobalSection
	GlobalSection(SolutionProperties) = preSolution
		HideSolutionNode = FALSE
	EndGlobalSection
	GlobalSection(ExtensibilityGlobals) = postSolution
		SolutionGuid = {8A6993CA-5E2E-4A7A-A5AE-6A1586B79CE3}
	EndGlobalSection
EndGlobal
